
Microsoft Visual Studio Solution File, Format Version 12.00
# Visual Studio Version 17
VisualStudioVersion = 17.13.35825.156 d17.13
MinimumVisualStudioVersion = 10.0.40219.1
Project("{FAE04EC0-301F-11D3-BF4B-00C04F79EFBC}") = "LeaveManagement.Web1", "LeaveManagement.Web1\LeaveManagement.Web1.csproj", "{C81E1488-A4BC-4B72-B728-69D91E5C19F2}"
EndProject
Global
	GlobalSection(SolutionConfigurationPlatforms) = preSolution
		Debug|Any CPU = Debug|Any CPU
		Release|Any CPU = Release|Any CPU
	EndGlobalSection
	GlobalSection(ProjectConfigurationPlatforms) = postSolution
		{C81E1488-A4BC-4B72-B728-69D91E5C19F2}.Debug|Any CPU.ActiveCfg = Debug|Any CPU
		{C81E1488-A4BC-4B72-B728-69D91E5C19F2}.Debug|Any CPU.Build.0 = Debug|Any CPU
		{C81E1488-A4BC-4B72-B728-69D91E5C19F2}.Release|Any CPU.ActiveCfg = Release|Any CPU
		{C81E1488-A4BC-4B72-B728-69D91E5C19F2}.Release|Any CPU.Build.0 = Release|Any CPU
	EndGlobalSection
	GlobalSection(SolutionProperties) = preSolution
		HideSolutionNode = FALSE
	EndGlobalSection
	GlobalSection(ExtensibilityGlobals) = postSolution
		SolutionGuid = {3D5E1A78-595B-4E37-A823-CF65D91F4AF5}
	EndGlobalSection
EndGlobal
